
Microsoft Visual Studio Solution File, Format Version 12.00
# Visual Studio Version 16
VisualStudioVersion = 16.0.31205.134
MinimumVisualStudioVersion = 10.0.40219.1
Project("{FAE04EC0-301F-11D3-BF4B-00C04F79EFBC}") = "PlannerLib", "PlannerLib.csproj", "{06ACED87-CCE4-40E3-AEBE-A405C04B9FAC}"
EndProject
Project("{FAE04EC0-301F-11D3-BF4B-00C04F79EFBC}") = "ProjectDesigner", "..\ProjectDesigner\ProjectDesigner.csproj", "{B7B01CB0-9987-458E-8CBF-BC92A2515BB7}"
EndProject
Global
	GlobalSection(SolutionConfigurationPlatforms) = preSolution
		Debug|Any CPU = Debug|Any CPU
		Release|Any CPU = Release|Any CPU
	EndGlobalSection
	GlobalSection(ProjectConfigurationPlatforms) = postSolution
		{06ACED87-CCE4-40E3-AEBE-A405C04B9FAC}.Debug|Any CPU.ActiveCfg = Debug|Any CPU
		{06ACED87-CCE4-40E3-AEBE-A405C04B9FAC}.Debug|Any CPU.Build.0 = Debug|Any CPU
		{06ACED87-CCE4-40E3-AEBE-A405C04B9FAC}.Release|Any CPU.ActiveCfg = Release|Any CPU
		{06ACED87-CCE4-40E3-AEBE-A405C04B9FAC}.Release|Any CPU.Build.0 = Release|Any CPU
		{B7B01CB0-9987-458E-8CBF-BC92A2515BB7}.Debug|Any CPU.ActiveCfg = Debug|Any CPU
		{B7B01CB0-9987-458E-8CBF-BC92A2515BB7}.Debug|Any CPU.Build.0 = Debug|Any CPU
		{B7B01CB0-9987-458E-8CBF-BC92A2515BB7}.Release|Any CPU.ActiveCfg = Release|Any CPU
		{B7B01CB0-9987-458E-8CBF-BC92A2515BB7}.Release|Any CPU.Build.0 = Release|Any CPU
	EndGlobalSection
	GlobalSection(SolutionProperties) = preSolution
		HideSolutionNode = FALSE
	EndGlobalSection
	GlobalSection(ExtensibilityGlobals) = postSolution
		SolutionGuid = {21BB6F5F-5725-4E75-8D04-4E619BDCA1BA}
	EndGlobalSection
EndGlobal
